// !$*UTF8*$!
{
	archiveVersion = 1;
	classes = {
	};
	objectVersion = 46;
	objects = {

/* Begin PBXBuildFile section */
		DA1E85221A8248130007B403 /* THLabel.m in Sources */ = {isa = PBXBuildFile; fileRef = DA1E85211A8248130007B403 /* THLabel.m */; };
		DA1E85241A8248640007B403 /* ComicSansMS.ttf in Resources */ = {isa = PBXBuildFile; fileRef = DA1E85231A8248640007B403 /* ComicSansMS.ttf */; };
		DA2D8A971A82D9D6003CA5B0 /* afterhand.png in Resources */ = {isa = PBXBuildFile; fileRef = DA2D8A931A82D9D6003CA5B0 /* afterhand.png */; };
		DA2D8A981A82D9D6003CA5B0 /* beforehand.png in Resources */ = {isa = PBXBuildFile; fileRef = DA2D8A941A82D9D6003CA5B0 /* beforehand.png */; };
		DA2D8A991A82D9D6003CA5B0 /* pad1.png in Resources */ = {isa = PBXBuildFile; fileRef = DA2D8A951A82D9D6003CA5B0 /* pad1.png */; };
		DA2D8A9A1A82D9D6003CA5B0 /* pad2.png in Resources */ = {isa = PBXBuildFile; fileRef = DA2D8A961A82D9D6003CA5B0 /* pad2.png */; };
		DA423E3A1A90150800943359 /* kaytext.png in Resources */ = {isa = PBXBuildFile; fileRef = DA423E391A90150800943359 /* kaytext.png */; };
		DAA31A9D1A815B4700E4F176 /* main.m in Sources */ = {isa = PBXBuildFile; fileRef = DAA31A9C1A815B4700E4F176 /* main.m */; };
		DAA31AA01A815B4700E4F176 /* AppDelegate.m in Sources */ = {isa = PBXBuildFile; fileRef = DAA31A9F1A815B4700E4F176 /* AppDelegate.m */; };
		DAA31AA31A815B4700E4F176 /* ViewController.m in Sources */ = {isa = PBXBuildFile; fileRef = DAA31AA21A815B4700E4F176 /* ViewController.m */; };
		DAA31AA61A815B4700E4F176 /* Main.storyboard in Resources */ = {isa = PBXBuildFile; fileRef = DAA31AA41A815B4700E4F176 /* Main.storyboard */; };
		DAA31AA81A815B4700E4F176 /* Images.xcassets in Resources */ = {isa = PBXBuildFile; fileRef = DAA31AA71A815B4700E4F176 /* Images.xcassets */; };
		DAA31AB71A815B4700E4F176 /* Pocket_KayTests.m in Sources */ = {isa = PBXBuildFile; fileRef = DAA31AB61A815B4700E4F176 /* Pocket_KayTests.m */; };
		DAA31AC11A815CA400E4F176 /* AVFoundation.framework in Frameworks */ = {isa = PBXBuildFile; fileRef = DAA31AC01A815CA400E4F176 /* AVFoundation.framework */; };
		DAA6BB5B1A826E46001B5530 /* kay1.png in Resources */ = {isa = PBXBuildFile; fileRef = DAA6BB591A826E46001B5530 /* kay1.png */; };
		DAA6BB5C1A826E46001B5530 /* kay2.png in Resources */ = {isa = PBXBuildFile; fileRef = DAA6BB5A1A826E46001B5530 /* kay2.png */; };
		DAA6BB5E1A826F34001B5530 /* curtain.jpg in Resources */ = {isa = PBXBuildFile; fileRef = DAA6BB5D1A826F34001B5530 /* curtain.jpg */; };
		DAF90EAB1A817B0E00DBEDB2 /* laugh4.wav in Resources */ = {isa = PBXBuildFile; fileRef = DAF90EA71A817B0E00DBEDB2 /* laugh4.wav */; };
		DAF90EAC1A817B0E00DBEDB2 /* laugh3.wav in Resources */ = {isa = PBXBuildFile; fileRef = DAF90EA81A817B0E00DBEDB2 /* laugh3.wav */; };
		DAF90EAD1A817B0E00DBEDB2 /* laugh2.wav in Resources */ = {isa = PBXBuildFile; fileRef = DAF90EA91A817B0E00DBEDB2 /* laugh2.wav */; };
		DAF90EAE1A817B0E00DBEDB2 /* laugh1.wav in Resources */ = {isa = PBXBuildFile; fileRef = DAF90EAA1A817B0E00DBEDB2 /* laugh1.wav */; };
/* End PBXBuildFile section */

/* Begin PBXContainerItemProxy section */
		DAA31AB11A815B4700E4F176 /* PBXContainerItemProxy */ = {
			isa = PBXContainerItemProxy;
			containerPortal = DAA31A8F1A815B4600E4F176 /* Project object */;
			proxyType = 1;
			remoteGlobalIDString = DAA31A961A815B4700E4F176;
			remoteInfo = "Pocket Kay";
		};
/* End PBXContainerItemProxy section */

/* Begin PBXFileReference section */
		DA1E85201A8248130007B403 /* THLabel.h */ = {isa = PBXFileReference; fileEncoding = 4; lastKnownFileType = sourcecode.c.h; path = THLabel.h; sourceTree = "<group>"; };
		DA1E85211A8248130007B403 /* THLabel.m */ = {isa = PBXFileReference; fileEncoding = 4; lastKnownFileType = sourcecode.c.objc; path = THLabel.m; sourceTree = "<group>"; };
		DA1E85231A8248640007B403 /* ComicSansMS.ttf */ = {isa = PBXFileReference; lastKnownFileType = file; path = ComicSansMS.ttf; sourceTree = "<group>"; };
		DA2D8A931A82D9D6003CA5B0 /* afterhand.png */ = {isa = PBXFileReference; lastKnownFileType = image.png; path = afterhand.png; sourceTree = "<group>"; };
		DA2D8A941A82D9D6003CA5B0 /* beforehand.png */ = {isa = PBXFileReference; lastKnownFileType = image.png; path = beforehand.png; sourceTree = "<group>"; };
		DA2D8A951A82D9D6003CA5B0 /* pad1.png */ = {isa = PBXFileReference; lastKnownFileType = image.png; path = pad1.png; sourceTree = "<group>"; };
		DA2D8A961A82D9D6003CA5B0 /* pad2.png */ = {isa = PBXFileReference; lastKnownFileType = image.png; path = pad2.png; sourceTree = "<group>"; };
		DA423E391A90150800943359 /* kaytext.png */ = {isa = PBXFileReference; lastKnownFileType = image.png; path = kaytext.png; sourceTree = "<group>"; };
		DAA31A971A815B4700E4F176 /* Pocket Kay.app */ = {isa = PBXFileReference; explicitFileType = wrapper.application; includeInIndex = 0; path = "Pocket Kay.app"; sourceTree = BUILT_PRODUCTS_DIR; };
		DAA31A9B1A815B4700E4F176 /* Info.plist */ = {isa = PBXFileReference; lastKnownFileType = text.plist.xml; path = Info.plist; sourceTree = "<group>"; };
		DAA31A9C1A815B4700E4F176 /* main.m */ = {isa = PBXFileReference; lastKnownFileType = sourcecode.c.objc; path = main.m; sourceTree = "<group>"; };
		DAA31A9E1A815B4700E4F176 /* AppDelegate.h */ = {isa = PBXFileReference; lastKnownFileType = sourcecode.c.h; path = AppDelegate.h; sourceTree = "<group>"; };
		DAA31A9F1A815B4700E4F176 /* AppDelegate.m */ = {isa = PBXFileReference; lastKnownFileType = sourcecode.c.objc; path = AppDelegate.m; sourceTree = "<group>"; };
		DAA31AA11A815B4700E4F176 /* ViewController.h */ = {isa = PBXFileReference; lastKnownFileType = sourcecode.c.h; path = ViewController.h; sourceTree = "<group>"; };
		DAA31AA21A815B4700E4F176 /* ViewController.m */ = {isa = PBXFileReference; lastKnownFileType = sourcecode.c.objc; path = ViewController.m; sourceTree = "<group>"; };
		DAA31AA51A815B4700E4F176 /* Base */ = {isa = PBXFileReference; lastKnownFileType = file.storyboard; name = Base; path = Base.lproj/Main.storyboard; sourceTree = "<group>"; };
		DAA31AA71A815B4700E4F176 /* Images.xcassets */ = {isa = PBXFileReference; lastKnownFileType = folder.assetcatalog; path = Images.xcassets; sourceTree = "<group>"; };
		DAA31AB01A815B4700E4F176 /* Pocket KayTests.xctest */ = {isa = PBXFileReference; explicitFileType = wrapper.cfbundle; includeInIndex = 0; path = "Pocket KayTests.xctest"; sourceTree = BUILT_PRODUCTS_DIR; };
		DAA31AB51A815B4700E4F176 /* Info.plist */ = {isa = PBXFileReference; lastKnownFileType = text.plist.xml; path = Info.plist; sourceTree = "<group>"; };
		DAA31AB61A815B4700E4F176 /* Pocket_KayTests.m */ = {isa = PBXFileReference; lastKnownFileType = sourcecode.c.objc; path = Pocket_KayTests.m; sourceTree = "<group>"; };
		DAA31AC01A815CA400E4F176 /* AVFoundation.framework */ = {isa = PBXFileReference; lastKnownFileType = wrapper.framework; name = AVFoundation.framework; path = System/Library/Frameworks/AVFoundation.framework; sourceTree = SDKROOT; };
		DAA6BB591A826E46001B5530 /* kay1.png */ = {isa = PBXFileReference; lastKnownFileType = image.png; path = kay1.png; sourceTree = "<group>"; };
		DAA6BB5A1A826E46001B5530 /* kay2.png */ = {isa = PBXFileReference; lastKnownFileType = image.png; path = kay2.png; sourceTree = "<group>"; };
		DAA6BB5D1A826F34001B5530 /* curtain.jpg */ = {isa = PBXFileReference; lastKnownFileType = image.jpeg; path = curtain.jpg; sourceTree = "<group>"; };
		DAF90EA71A817B0E00DBEDB2 /* laugh4.wav */ = {isa = PBXFileReference; lastKnownFileType = audio.wav; path = laugh4.wav; sourceTree = "<group>"; };
		DAF90EA81A817B0E00DBEDB2 /* laugh3.wav */ = {isa = PBXFileReference; lastKnownFileType = audio.wav; path = laugh3.wav; sourceTree = "<group>"; };
		DAF90EA91A817B0E00DBEDB2 /* laugh2.wav */ = {isa = PBXFileReference; lastKnownFileType = audio.wav; path = laugh2.wav; sourceTree = "<group>"; };
		DAF90EAA1A817B0E00DBEDB2 /* laugh1.wav */ = {isa = PBXFileReference; lastKnownFileType = audio.wav; path = laugh1.wav; sourceTree = "<group>"; };
/* End PBXFileReference section */

/* Begin PBXFrameworksBuildPhase section */
		DAA31A941A815B4700E4F176 /* Frameworks */ = {
			isa = PBXFrameworksBuildPhase;
			buildActionMask = 2147483647;
			files = (
				DAA31AC11A815CA400E4F176 /* AVFoundation.framework in Frameworks */,
			);
			runOnlyForDeploymentPostprocessing = 0;
		};
		DAA31AAD1A815B4700E4F176 /* Frameworks */ = {
			isa = PBXFrameworksBuildPhase;
			buildActionMask = 2147483647;
			files = (
			);
			runOnlyForDeploymentPostprocessing = 0;
		};
/* End PBXFrameworksBuildPhase section */

/* Begin PBXGroup section */
		DA2D8A921A82D9D6003CA5B0 /* paddy */ = {
			isa = PBXGroup;
			children = (
				DA2D8A931A82D9D6003CA5B0 /* afterhand.png */,
				DA2D8A941A82D9D6003CA5B0 /* beforehand.png */,
				DA2D8A951A82D9D6003CA5B0 /* pad1.png */,
				DA2D8A961A82D9D6003CA5B0 /* pad2.png */,
			);
			path = paddy;
			sourceTree = "<group>";
		};
		DAA31A8E1A815B4600E4F176 = {
			isa = PBXGroup;
			children = (
				DAA31AC01A815CA400E4F176 /* AVFoundation.framework */,
				DAA31A991A815B4700E4F176 /* Pocket Kay */,
				DAA31AB31A815B4700E4F176 /* Pocket KayTests */,
				DAA31A981A815B4700E4F176 /* Products */,
			);
			sourceTree = "<group>";
		};
		DAA31A981A815B4700E4F176 /* Products */ = {
			isa = PBXGroup;
			children = (
				DAA31A971A815B4700E4F176 /* Pocket Kay.app */,
				DAA31AB01A815B4700E4F176 /* Pocket KayTests.xctest */,
			);
			name = Products;
			sourceTree = "<group>";
		};
		DAA31A991A815B4700E4F176 /* Pocket Kay */ = {
			isa = PBXGroup;
			children = (
				DA2D8A921A82D9D6003CA5B0 /* paddy */,
				DA1E85201A8248130007B403 /* THLabel.h */,
				DA1E85211A8248130007B403 /* THLabel.m */,
				DAA6BB5D1A826F34001B5530 /* curtain.jpg */,
				DA423E391A90150800943359 /* kaytext.png */,
				DA1E85231A8248640007B403 /* ComicSansMS.ttf */,
				DAA6BB591A826E46001B5530 /* kay1.png */,
				DAA6BB5A1A826E46001B5530 /* kay2.png */,
				DAF90EA71A817B0E00DBEDB2 /* laugh4.wav */,
				DAF90EA81A817B0E00DBEDB2 /* laugh3.wav */,
				DAF90EA91A817B0E00DBEDB2 /* laugh2.wav */,
				DAF90EAA1A817B0E00DBEDB2 /* laugh1.wav */,
				DAA31A9E1A815B4700E4F176 /* AppDelegate.h */,
				DAA31A9F1A815B4700E4F176 /* AppDelegate.m */,
				DAA31AA11A815B4700E4F176 /* ViewController.h */,
				DAA31AA21A815B4700E4F176 /* ViewController.m */,
				DAA31AA41A815B4700E4F176 /* Main.storyboard */,
				DAA31AA71A815B4700E4F176 /* Images.xcassets */,
				DAA31A9A1A815B4700E4F176 /* Supporting Files */,
			);
			path = "Pocket Kay";
			sourceTree = "<group>";
		};
		DAA31A9A1A815B4700E4F176 /* Supporting Files */ = {
			isa = PBXGroup;
			children = (
				DAA31A9B1A815B4700E4F176 /* Info.plist */,
				DAA31A9C1A815B4700E4F176 /* main.m */,
			);
			name = "Supporting Files";
			sourceTree = "<group>";
		};
		DAA31AB31A815B4700E4F176 /* Pocket KayTests */ = {
			isa = PBXGroup;
			children = (
				DAA31AB61A815B4700E4F176 /* Pocket_KayTests.m */,
				DAA31AB41A815B4700E4F176 /* Supporting Files */,
			);
			path = "Pocket KayTests";
			sourceTree = "<group>";
		};
		DAA31AB41A815B4700E4F176 /* Supporting Files */ = {
			isa = PBXGroup;
			children = (
				DAA31AB51A815B4700E4F176 /* Info.plist */,
			);
			name = "Supporting Files";
			sourceTree = "<group>";
		};
/* End PBXGroup section */

/* Begin PBXNativeTarget section */
		DAA31A961A815B4700E4F176 /* Pocket Kay */ = {
			isa = PBXNativeTarget;
			buildConfigurationList = DAA31ABA1A815B4700E4F176 /* Build configuration list for PBXNativeTarget "Pocket Kay" */;
			buildPhases = (
				DAA31A931A815B4700E4F176 /* Sources */,
				DAA31A941A815B4700E4F176 /* Frameworks */,
				DAA31A951A815B4700E4F176 /* Resources */,
			);
			buildRules = (
			);
			dependencies = (
			);
			name = "Pocket Kay";
			productName = "Pocket Kay";
			productReference = DAA31A971A815B4700E4F176 /* Pocket Kay.app */;
			productType = "com.apple.product-type.application";
		};
		DAA31AAF1A815B4700E4F176 /* Pocket KayTests */ = {
			isa = PBXNativeTarget;
			buildConfigurationList = DAA31ABD1A815B4700E4F176 /* Build configuration list for PBXNativeTarget "Pocket KayTests" */;
			buildPhases = (
				DAA31AAC1A815B4700E4F176 /* Sources */,
				DAA31AAD1A815B4700E4F176 /* Frameworks */,
				DAA31AAE1A815B4700E4F176 /* Resources */,
			);
			buildRules = (
			);
			dependencies = (
				DAA31AB21A815B4700E4F176 /* PBXTargetDependency */,
			);
			name = "Pocket KayTests";
			productName = "Pocket KayTests";
			productReference = DAA31AB01A815B4700E4F176 /* Pocket KayTests.xctest */;
			productType = "com.apple.product-type.bundle.unit-test";
		};
/* End PBXNativeTarget section */

/* Begin PBXProject section */
		DAA31A8F1A815B4600E4F176 /* Project object */ = {
			isa = PBXProject;
			attributes = {
				LastUpgradeCheck = 0610;
				ORGANIZATIONNAME = "Paul Halpin";
				TargetAttributes = {
					DAA31A961A815B4700E4F176 = {
						CreatedOnToolsVersion = 6.1;
					};
					DAA31AAF1A815B4700E4F176 = {
						CreatedOnToolsVersion = 6.1;
						TestTargetID = DAA31A961A815B4700E4F176;
					};
				};
			};
			buildConfigurationList = DAA31A921A815B4600E4F176 /* Build configuration list for PBXProject "Pocket Kay" */;
			compatibilityVersion = "Xcode 3.2";
			developmentRegion = English;
			hasScannedForEncodings = 0;
			knownRegions = (
				en,
				Base,
			);
			mainGroup = DAA31A8E1A815B4600E4F176;
			productRefGroup = DAA31A981A815B4700E4F176 /* Products */;
			projectDirPath = "";
			projectRoot = "";
			targets = (
				DAA31A961A815B4700E4F176 /* Pocket Kay */,
				DAA31AAF1A815B4700E4F176 /* Pocket KayTests */,
			);
		};
/* End PBXProject section */

/* Begin PBXResourcesBuildPhase section */
		DAA31A951A815B4700E4F176 /* Resources */ = {
			isa = PBXResourcesBuildPhase;
			buildActionMask = 2147483647;
			files = (
				DAF90EAE1A817B0E00DBEDB2 /* laugh1.wav in Resources */,
				DAA6BB5B1A826E46001B5530 /* kay1.png in Resources */,
				DAA31AA61A815B4700E4F176 /* Main.storyboard in Resources */,
				DAF90EAB1A817B0E00DBEDB2 /* laugh4.wav in Resources */,
				DAF90EAC1A817B0E00DBEDB2 /* laugh3.wav in Resources */,
				DAF90EAD1A817B0E00DBEDB2 /* laugh2.wav in Resources */,
				DA2D8A9A1A82D9D6003CA5B0 /* pad2.png in Resources */,
				DAA6BB5E1A826F34001B5530 /* curtain.jpg in Resources */,
				DA2D8A981A82D9D6003CA5B0 /* beforehand.png in Resources */,
				DA2D8A991A82D9D6003CA5B0 /* pad1.png in Resources */,
				DA1E85241A8248640007B403 /* ComicSansMS.ttf in Resources */,
				DA2D8A971A82D9D6003CA5B0 /* afterhand.png in Resources */,
				DAA31AA81A815B4700E4F176 /* Images.xcassets in Resources */,
				DA423E3A1A90150800943359 /* kaytext.png in Resources */,
				DAA6BB5C1A826E46001B5530 /* kay2.png in Resources */,
			);
			runOnlyForDeploymentPostprocessing = 0;
		};
		DAA31AAE1A815B4700E4F176 /* Resources */ = {
			isa = PBXResourcesBuildPhase;
			buildActionMask = 2147483647;
			files = (
			);
			runOnlyForDeploymentPostprocessing = 0;
		};
/* End PBXResourcesBuildPhase section */

/* Begin PBXSourcesBuildPhase section */
		DAA31A931A815B4700E4F176 /* Sources */ = {
			isa = PBXSourcesBuildPhase;
			buildActionMask = 2147483647;
			files = (
				DA1E85221A8248130007B403 /* THLabel.m in Sources */,
				DAA31AA31A815B4700E4F176 /* ViewController.m in Sources */,
				DAA31AA01A815B4700E4F176 /* AppDelegate.m in Sources */,
				DAA31A9D1A815B4700E4F176 /* main.m in Sources */,
			);
			runOnlyForDeploymentPostprocessing = 0;
		};
		DAA31AAC1A815B4700E4F176 /* Sources */ = {
			isa = PBXSourcesBuildPhase;
			buildActionMask = 2147483647;
			files = (
				DAA31AB71A815B4700E4F176 /* Pocket_KayTests.m in Sources */,
			);
			runOnlyForDeploymentPostprocessing = 0;
		};
/* End PBXSourcesBuildPhase section */

/* Begin PBXTargetDependency section */
		DAA31AB21A815B4700E4F176 /* PBXTargetDependency */ = {
			isa = PBXTargetDependency;
			target = DAA31A961A815B4700E4F176 /* Pocket Kay */;
			targetProxy = DAA31AB11A815B4700E4F176 /* PBXContainerItemProxy */;
		};
/* End PBXTargetDependency section */

/* Begin PBXVariantGroup section */
		DAA31AA41A815B4700E4F176 /* Main.storyboard */ = {
			isa = PBXVariantGroup;
			children = (
				DAA31AA51A815B4700E4F176 /* Base */,
			);
			name = Main.storyboard;
			sourceTree = "<group>";
		};
/* End PBXVariantGroup section */

/* Begin XCBuildConfiguration section */
		DAA31AB81A815B4700E4F176 /* Debug */ = {
			isa = XCBuildConfiguration;
			buildSettings = {
				ALWAYS_SEARCH_USER_PATHS = NO;
				CLANG_CXX_LANGUAGE_STANDARD = "gnu++0x";
				CLANG_CXX_LIBRARY = "libc++";
				CLANG_ENABLE_MODULES = YES;
				CLANG_ENABLE_OBJC_ARC = YES;
				CLANG_WARN_BOOL_CONVERSION = YES;
				CLANG_WARN_CONSTANT_CONVERSION = YES;
				CLANG_WARN_DIRECT_OBJC_ISA_USAGE = YES_ERROR;
				CLANG_WARN_EMPTY_BODY = YES;
				CLANG_WARN_ENUM_CONVERSION = YES;
				CLANG_WARN_INT_CONVERSION = YES;
				CLANG_WARN_OBJC_ROOT_CLASS = YES_ERROR;
				CLANG_WARN_UNREACHABLE_CODE = YES;
				CLANG_WARN__DUPLICATE_METHOD_MATCH = YES;
				"CODE_SIGN_IDENTITY[sdk=iphoneos*]" = "iPhone Developer";
				COPY_PHASE_STRIP = NO;
				ENABLE_STRICT_OBJC_MSGSEND = YES;
				GCC_C_LANGUAGE_STANDARD = gnu99;
				GCC_DYNAMIC_NO_PIC = NO;
				GCC_OPTIMIZATION_LEVEL = 0;
				GCC_PREPROCESSOR_DEFINITIONS = (
					"DEBUG=1",
					"$(inherited)",
				);
				GCC_SYMBOLS_PRIVATE_EXTERN = NO;
				GCC_WARN_64_TO_32_BIT_CONVERSION = YES;
				GCC_WARN_ABOUT_RETURN_TYPE = YES_ERROR;
				GCC_WARN_UNDECLARED_SELECTOR = YES;
				GCC_WARN_UNINITIALIZED_AUTOS = YES_AGGRESSIVE;
				GCC_WARN_UNUSED_FUNCTION = YES;
				GCC_WARN_UNUSED_VARIABLE = YES;
				IPHONEOS_DEPLOYMENT_TARGET = 7.0;
				MTL_ENABLE_DEBUG_INFO = YES;
				ONLY_ACTIVE_ARCH = YES;
				SDKROOT = iphoneos;
				TARGETED_DEVICE_FAMILY = "1,2";
			};
			name = Debug;
		};
		DAA31AB91A815B4700E4F176 /* Release */ = {
			isa = XCBuildConfiguration;
			buildSettings = {
				ALWAYS_SEARCH_USER_PATHS = NO;
				CLANG_CXX_LANGUAGE_STANDARD = "gnu++0x";
				CLANG_CXX_LIBRARY = "libc++";
				CLANG_ENABLE_MODULES = YES;
				CLANG_ENABLE_OBJC_ARC = YES;
				CLANG_WARN_BOOL_CONVERSION = YES;
				CLANG_WARN_CONSTANT_CONVERSION = YES;
				CLANG_WARN_DIRECT_OBJC_ISA_USAGE = YES_ERROR;
				CLANG_WARN_EMPTY_BODY = YES;
				CLANG_WARN_ENUM_CONVERSION = YES;
				CLANG_WARN_INT_CONVERSION = YES;
				CLANG_WARN_OBJC_ROOT_CLASS = YES_ERROR;
				CLANG_WARN_UNREACHABLE_CODE = YES;
				CLANG_WARN__DUPLICATE_METHOD_MATCH = YES;
				"CODE_SIGN_IDENTITY[sdk=iphoneos*]" = "iPhone Developer";
				COPY_PHASE_STRIP = YES;
				ENABLE_NS_ASSERTIONS = NO;
				ENABLE_STRICT_OBJC_MSGSEND = YES;
				GCC_C_LANGUAGE_STANDARD = gnu99;
				GCC_WARN_64_TO_32_BIT_CONVERSION = YES;
				GCC_WARN_ABOUT_RETURN_TYPE = YES_ERROR;
				GCC_WARN_UNDECLARED_SELECTOR = YES;
				GCC_WARN_UNINITIALIZED_AUTOS = YES_AGGRESSIVE;
				GCC_WARN_UNUSED_FUNCTION = YES;
				GCC_WARN_UNUSED_VARIABLE = YES;
				IPHONEOS_DEPLOYMENT_TARGET = 7.0;
				MTL_ENABLE_DEBUG_INFO = NO;
				SDKROOT = iphoneos;
				TARGETED_DEVICE_FAMILY = "1,2";
				VALIDATE_PRODUCT = YES;
			};
			name = Release;
		};
		DAA31ABB1A815B4700E4F176 /* Debug */ = {
			isa = XCBuildConfiguration;
			buildSettings = {
				ASSETCATALOG_COMPILER_APPICON_NAME = AppIcon;
				ASSETCATALOG_COMPILER_LAUNCHIMAGE_NAME = LaunchImage;
				CODE_SIGN_IDENTITY = "iPhone Developer";
				INFOPLIST_FILE = "Pocket Kay/Info.plist";
				LD_RUNPATH_SEARCH_PATHS = "$(inherited) @executable_path/Frameworks";
				PRODUCT_NAME = "$(TARGET_NAME)";
				PROVISIONING_PROFILE = "";
				TARGETED_DEVICE_FAMILY = "1,2";
			};
			name = Debug;
		};
		DAA31ABC1A815B4700E4F176 /* Release */ = {
			isa = XCBuildConfiguration;
			buildSettings = {
				ASSETCATALOG_COMPILER_APPICON_NAME = AppIcon;
				ASSETCATALOG_COMPILER_LAUNCHIMAGE_NAME = LaunchImage;
				CODE_SIGN_IDENTITY = "iPhone Distribution";
				INFOPLIST_FILE = "Pocket Kay/Info.plist";
				LD_RUNPATH_SEARCH_PATHS = "$(inherited) @executable_path/Frameworks";
				PRODUCT_NAME = "$(TARGET_NAME)";
				PROVISIONING_PROFILE = "";
				TARGETED_DEVICE_FAMILY = "1,2";
			};
			name = Release;
		};
		DAA31ABE1A815B4700E4F176 /* Debug */ = {
			isa = XCBuildConfiguration;
			buildSettings = {
				BUNDLE_LOADER = "$(TEST_HOST)";
				FRAMEWORK_SEARCH_PATHS = (
					"$(SDKROOT)/Developer/Library/Frameworks",
					"$(inherited)",
				);
				GCC_PREPROCESSOR_DEFINITIONS = (
					"DEBUG=1",
					"$(inherited)",
				);
				INFOPLIST_FILE = "Pocket KayTests/Info.plist";
				LD_RUNPATH_SEARCH_PATHS = "$(inherited) @executable_path/Frameworks @loader_path/Frameworks";
				PRODUCT_NAME = "$(TARGET_NAME)";
				TEST_HOST = "$(BUILT_PRODUCTS_DIR)/Pocket Kay.app/Pocket Kay";
			};
			name = Debug;
		};
		DAA31ABF1A815B4700E4F176 /* Release */ = {
			isa = XCBuildConfiguration;
			buildSettings = {
				BUNDLE_LOADER = "$(TEST_HOST)";
				FRAMEWORK_SEARCH_PATHS = (
					"$(SDKROOT)/Developer/Library/Frameworks",
					"$(inherited)",
				);
				INFOPLIST_FILE = "Pocket KayTests/Info.plist";
				LD_RUNPATH_SEARCH_PATHS = "$(inherited) @executable_path/Frameworks @loader_path/Frameworks";
				PRODUCT_NAME = "$(TARGET_NAME)";
				TEST_HOST = "$(BUILT_PRODUCTS_DIR)/Pocket Kay.app/Pocket Kay";
			};
			name = Release;
		};
/* End XCBuildConfiguration section */

/* Begin XCConfigurationList section */
		DAA31A921A815B4600E4F176 /* Build configuration list for PBXProject "Pocket Kay" */ = {
			isa = XCConfigurationList;
			buildConfigurations = (
				DAA31AB81A815B4700E4F176 /* Debug */,
				DAA31AB91A815B4700E4F176 /* Release */,
			);
			defaultConfigurationIsVisible = 0;
			defaultConfigurationName = Release;
		};
		DAA31ABA1A815B4700E4F176 /* Build configuration list for PBXNativeTarget "Pocket Kay" */ = {
			isa = XCConfigurationList;
			buildConfigurations = (
				DAA31ABB1A815B4700E4F176 /* Debug */,
				DAA31ABC1A815B4700E4F176 /* Release */,
			);
			defaultConfigurationIsVisible = 0;
			defaultConfigurationName = Release;
		};
		DAA31ABD1A815B4700E4F176 /* Build configuration list for PBXNativeTarget "Pocket KayTests" */ = {
			isa = XCConfigurationList;
			buildConfigurations = (
				DAA31ABE1A815B4700E4F176 /* Debug */,
				DAA31ABF1A815B4700E4F176 /* Release */,
			);
			defaultConfigurationIsVisible = 0;
			defaultConfigurationName = Release;
		};
/* End XCConfigurationList section */
	};
	rootObject = DAA31A8F1A815B4600E4F176 /* Project object */;
}
